// !$*UTF8*$!
{
	archiveVersion = 1;
	classes = {
	};
	objectVersion = 46;
	objects = {

/* Begin PBXBuildFile section */
		2ACD0F7B1E739F94004B63AA /* AppDelegate.swift in Sources */ = {isa = PBXBuildFile; fileRef = 2ACD0F7A1E739F94004B63AA /* AppDelegate.swift */; };
		2ACD0F801E739F94004B63AA /* Main.storyboard in Resources */ = {isa = PBXBuildFile; fileRef = 2ACD0F7E1E739F94004B63AA /* Main.storyboard */; };
		2ACD0F821E739F94004B63AA /* Assets.xcassets in Resources */ = {isa = PBXBuildFile; fileRef = 2ACD0F811E739F94004B63AA /* Assets.xcassets */; };
		2ACD0F851E739F94004B63AA /* LaunchScreen.storyboard in Resources */ = {isa = PBXBuildFile; fileRef = 2ACD0F831E739F94004B63AA /* LaunchScreen.storyboard */; };
		2ACD0F8F1E73A419004B63AA /* CalculatorViewController.swift in Sources */ = {isa = PBXBuildFile; fileRef = 2ACD0F8E1E73A419004B63AA /* CalculatorViewController.swift */; };
		2ACD0F911E73A495004B63AA /* SummaryViewController.swift in Sources */ = {isa = PBXBuildFile; fileRef = 2ACD0F901E73A495004B63AA /* SummaryViewController.swift */; };
/* End PBXBuildFile section */

/* Begin PBXFileReference section */
		2ACD0F771E739F94004B63AA /* DiscountCalculator.app */ = {isa = PBXFileReference; explicitFileType = wrapper.application; includeInIndex = 0; path = DiscountCalculator.app; sourceTree = BUILT_PRODUCTS_DIR; };
		2ACD0F7A1E739F94004B63AA /* AppDelegate.swift */ = {isa = PBXFileReference; lastKnownFileType = sourcecode.swift; path = AppDelegate.swift; sourceTree = "<group>"; };
		2ACD0F7F1E739F94004B63AA /* Base */ = {isa = PBXFileReference; lastKnownFileType = file.storyboard; name = Base; path = Base.lproj/Main.storyboard; sourceTree = "<group>"; };
		2ACD0F811E739F94004B63AA /* Assets.xcassets */ = {isa = PBXFileReference; lastKnownFileType = folder.assetcatalog; path = Assets.xcassets; sourceTree = "<group>"; };
		2ACD0F841E739F94004B63AA /* Base */ = {isa = PBXFileReference; lastKnownFileType = file.storyboard; name = Base; path = Base.lproj/LaunchScreen.storyboard; sourceTree = "<group>"; };
		2ACD0F861E739F94004B63AA /* Info.plist */ = {isa = PBXFileReference; lastKnownFileType = text.plist.xml; path = Info.plist; sourceTree = "<group>"; };
		2ACD0F8E1E73A419004B63AA /* CalculatorViewController.swift */ = {isa = PBXFileReference; fileEncoding = 4; lastKnownFileType = sourcecode.swift; name = CalculatorViewController.swift; path = ../CalculatorViewController.swift; sourceTree = "<group>"; };
		2ACD0F901E73A495004B63AA /* SummaryViewController.swift */ = {isa = PBXFileReference; fileEncoding = 4; lastKnownFileType = sourcecode.swift; name = SummaryViewController.swift; path = ../SummaryViewController.swift; sourceTree = "<group>"; };
/* End PBXFileReference section */

/* Begin PBXFrameworksBuildPhase section */
		2ACD0F741E739F94004B63AA /* Frameworks */ = {
			isa = PBXFrameworksBuildPhase;
			buildActionMask = 2147483647;
			files = (
			);
			runOnlyForDeploymentPostprocessing = 0;
		};
/* End PBXFrameworksBuildPhase section */

/* Begin PBXGroup section */
		2ACD0F6E1E739F94004B63AA = {
			isa = PBXGroup;
			children = (
				2ACD0F791E739F94004B63AA /* DiscountCalculator */,
				2ACD0F781E739F94004B63AA /* Products */,
			);
			sourceTree = "<group>";
		};
		2ACD0F781E739F94004B63AA /* Products */ = {
			isa = PBXGroup;
			children = (
				2ACD0F771E739F94004B63AA /* DiscountCalculator.app */,
			);
			name = Products;
			sourceTree = "<group>";
		};
		2ACD0F791E739F94004B63AA /* DiscountCalculator */ = {
			isa = PBXGroup;
			children = (
				2ACD0F7A1E739F94004B63AA /* AppDelegate.swift */,
				2ACD0F901E73A495004B63AA /* SummaryViewController.swift */,
				2ACD0F8E1E73A419004B63AA /* CalculatorViewController.swift */,
				2ACD0F7E1E739F94004B63AA /* Main.storyboard */,
				2ACD0F811E739F94004B63AA /* Assets.xcassets */,
				2ACD0F831E739F94004B63AA /* LaunchScreen.storyboard */,
				2ACD0F861E739F94004B63AA /* Info.plist */,
			);
			path = DiscountCalculator;
			sourceTree = "<group>";
		};
/* End PBXGroup section */

/* Begin PBXNativeTarget section */
		2ACD0F761E739F94004B63AA /* DiscountCalculator */ = {
			isa = PBXNativeTarget;
			buildConfigurationList = 2ACD0F891E739F94004B63AA /* Build configuration list for PBXNativeTarget "DiscountCalculator" */;
			buildPhases = (
				2ACD0F731E739F94004B63AA /* Sources */,
				2ACD0F741E739F94004B63AA /* Frameworks */,
				2ACD0F751E739F94004B63AA /* Resources */,
			);
			buildRules = (
			);
			dependencies = (
			);
			name = DiscountCalculator;
			productName = DiscountCalculator;
			productReference = 2ACD0F771E739F94004B63AA /* DiscountCalculator.app */;
			productType = "com.apple.product-type.application";
		};
/* End PBXNativeTarget section */

/* Begin PBXProject section */
		2ACD0F6F1E739F94004B63AA /* Project object */ = {
			isa = PBXProject;
			attributes = {
				LastSwiftUpdateCheck = 0820;
				LastUpgradeCheck = 0820;
				ORGANIZATIONNAME = Luigi;
				TargetAttributes = {
					2ACD0F761E739F94004B63AA = {
						CreatedOnToolsVersion = 8.2.1;
						ProvisioningStyle = Automatic;
					};
				};
			};
			buildConfigurationList = 2ACD0F721E739F94004B63AA /* Build configuration list for PBXProject "DiscountCalculator" */;
			compatibilityVersion = "Xcode 3.2";
			developmentRegion = English;
			hasScannedForEncodings = 0;
			knownRegions = (
				en,
				Base,
			);
			mainGroup = 2ACD0F6E1E739F94004B63AA;
			productRefGroup = 2ACD0F781E739F94004B63AA /* Products */;
			projectDirPath = "";
			projectRoot = "";
			targets = (
				2ACD0F761E739F94004B63AA /* DiscountCalculator */,
			);
		};
/* End PBXProject section */

/* Begin PBXResourcesBuildPhase section */
		2ACD0F751E739F94004B63AA /* Resources */ = {
			isa = PBXResourcesBuildPhase;
			buildActionMask = 2147483647;
			files = (
				2ACD0F851E739F94004B63AA /* LaunchScreen.storyboard in Resources */,
				2ACD0F821E739F94004B63AA /* Assets.xcassets in Resources */,
				2ACD0F801E739F94004B63AA /* Main.storyboard in Resources */,
			);
			runOnlyForDeploymentPostprocessing = 0;
		};
/* End PBXResourcesBuildPhase section */

/* Begin PBXSourcesBuildPhase section */
		2ACD0F731E739F94004B63AA /* Sources */ = {
			isa = PBXSourcesBuildPhase;
			buildActionMask = 2147483647;
			files = (
				2ACD0F8F1E73A419004B63AA /* CalculatorViewController.swift in Sources */,
				2ACD0F7B1E739F94004B63AA /* AppDelegate.swift in Sources */,
				2ACD0F911E73A495004B63AA /* SummaryViewController.swift in Sources */,
			);
			runOnlyForDeploymentPostprocessing = 0;
		};
/* End PBXSourcesBuildPhase section */

/* Begin PBXVariantGroup section */
		2ACD0F7E1E739F94004B63AA /* Main.storyboard */ = {
			isa = PBXVariantGroup;
			children = (
				2ACD0F7F1E739F94004B63AA /* Base */,
			);
			name = Main.storyboard;
			sourceTree = "<group>";
		};
		2ACD0F831E739F94004B63AA /* LaunchScreen.storyboard */ = {
			isa = PBXVariantGroup;
			children = (
				2ACD0F841E739F94004B63AA /* Base */,
			);
			name = LaunchScreen.storyboard;
			sourceTree = "<group>";
		};
/* End PBXVariantGroup section */

/* Begin XCBuildConfiguration section */
		2ACD0F871E739F94004B63AA /* Debug */ = {
			isa = XCBuildConfiguration;
			buildSettings = {
				ALWAYS_SEARCH_USER_PATHS = NO;
				CLANG_ANALYZER_NONNULL = YES;
				CLANG_CXX_LANGUAGE_STANDARD = "gnu++0x";
				CLANG_CXX_LIBRARY = "libc++";
				CLANG_ENABLE_MODULES = YES;
				CLANG_ENABLE_OBJC_ARC = YES;
				CLANG_WARN_BOOL_CONVERSION = YES;
				CLANG_WARN_CONSTANT_CONVERSION = YES;
				CLANG_WARN_DIRECT_OBJC_ISA_USAGE = YES_ERROR;
				CLANG_WARN_DOCUMENTATION_COMMENTS = YES;
				CLANG_WARN_EMPTY_BODY = YES;
				CLANG_WARN_ENUM_CONVERSION = YES;
				CLANG_WARN_INFINITE_RECURSION = YES;
				CLANG_WARN_INT_CONVERSION = YES;
				CLANG_WARN_OBJC_ROOT_CLASS = YES_ERROR;
				CLANG_WARN_SUSPICIOUS_MOVE = YES;
				CLANG_WARN_UNREACHABLE_CODE = YES;
				CLANG_WARN__DUPLICATE_METHOD_MATCH = YES;
				"CODE_SIGN_IDENTITY[sdk=iphoneos*]" = "iPhone Developer";
				COPY_PHASE_STRIP = NO;
				DEBUG_INFORMATION_FORMAT = dwarf;
				ENABLE_STRICT_OBJC_MSGSEND = YES;
				ENABLE_TESTABILITY = YES;
				GCC_C_LANGUAGE_STANDARD = gnu99;
				GCC_DYNAMIC_NO_PIC = NO;
				GCC_NO_COMMON_BLOCKS = YES;
				GCC_OPTIMIZATION_LEVEL = 0;
				GCC_PREPROCESSOR_DEFINITIONS = (
					"DEBUG=1",
					"$(inherited)",
				);
				GCC_WARN_64_TO_32_BIT_CONVERSION = YES;
				GCC_WARN_ABOUT_RETURN_TYPE = YES_ERROR;
				GCC_WARN_UNDECLARED_SELECTOR = YES;
				GCC_WARN_UNINITIALIZED_AUTOS = YES_AGGRESSIVE;
				GCC_WARN_UNUSED_FUNCTION = YES;
				GCC_WARN_UNUSED_VARIABLE = YES;
				IPHONEOS_DEPLOYMENT_TARGET = 10.2;
				MTL_ENABLE_DEBUG_INFO = YES;
				ONLY_ACTIVE_ARCH = YES;
				SDKROOT = iphoneos;
				SWIFT_ACTIVE_COMPILATION_CONDITIONS = DEBUG;
				SWIFT_OPTIMIZATION_LEVEL = "-Onone";
				TARGETED_DEVICE_FAMILY = "1,2";
			};
			name = Debug;
		};
		2ACD0F881E739F94004B63AA /* Release */ = {
			isa = XCBuildConfiguration;
			buildSettings = {
				ALWAYS_SEARCH_USER_PATHS = NO;
				CLANG_ANALYZER_NONNULL = YES;
				CLANG_CXX_LANGUAGE_STANDARD = "gnu++0x";
				CLANG_CXX_LIBRARY = "libc++";
				CLANG_ENABLE_MODULES = YES;
				CLANG_ENABLE_OBJC_ARC = YES;
				CLANG_WARN_BOOL_CONVERSION = YES;
				CLANG_WARN_CONSTANT_CONVERSION = YES;
				CLANG_WARN_DIRECT_OBJC_ISA_USAGE = YES_ERROR;
				CLANG_WARN_DOCUMENTATION_COMMENTS = YES;
				CLANG_WARN_EMPTY_BODY = YES;
				CLANG_WARN_ENUM_CONVERSION = YES;
				CLANG_WARN_INFINITE_RECURSION = YES;
				CLANG_WARN_INT_CONVERSION = YES;
				CLANG_WARN_OBJC_ROOT_CLASS = YES_ERROR;
				CLANG_WARN_SUSPICIOUS_MOVE = YES;
				CLANG_WARN_UNREACHABLE_CODE = YES;
				CLANG_WARN__DUPLICATE_METHOD_MATCH = YES;
				"CODE_SIGN_IDENTITY[sdk=iphoneos*]" = "iPhone Developer";
				COPY_PHASE_STRIP = NO;
				DEBUG_INFORMATION_FORMAT = "dwarf-with-dsym";
				ENABLE_NS_ASSERTIONS = NO;
				ENABLE_STRICT_OBJC_MSGSEND = YES;
				GCC_C_LANGUAGE_STANDARD = gnu99;
				GCC_NO_COMMON_BLOCKS = YES;
				GCC_WARN_64_TO_32_BIT_CONVERSION = YES;
				GCC_WARN_ABOUT_RETURN_TYPE = YES_ERROR;
				GCC_WARN_UNDECLARED_SELECTOR = YES;
				GCC_WARN_UNINITIALIZED_AUTOS = YES_AGGRESSIVE;
				GCC_WARN_UNUSED_FUNCTION = YES;
				GCC_WARN_UNUSED_VARIABLE = YES;
				IPHONEOS_DEPLOYMENT_TARGET = 10.2;
				MTL_ENABLE_DEBUG_INFO = NO;
				SDKROOT = iphoneos;
				SWIFT_OPTIMIZATION_LEVEL = "-Owholemodule";
				TARGETED_DEVICE_FAMILY = "1,2";
				VALIDATE_PRODUCT = YES;
			};
			name = Release;
		};
		2ACD0F8A1E739F94004B63AA /* Debug */ = {
			isa = XCBuildConfiguration;
			buildSettings = {
				ASSETCATALOG_COMPILER_APPICON_NAME = AppIcon;
				INFOPLIST_FILE = DiscountCalculator/Info.plist;
				LD_RUNPATH_SEARCH_PATHS = "$(inherited) @executable_path/Frameworks";
				PRODUCT_BUNDLE_IDENTIFIER = com.Cpsc411.DiscountCalculator;
				PRODUCT_NAME = "$(TARGET_NAME)";
				SWIFT_VERSION = 3.0;
			};
			name = Debug;
		};
		2ACD0F8B1E739F94004B63AA /* Release */ = {
			isa = XCBuildConfiguration;
			buildSettings = {
				ASSETCATALOG_COMPILER_APPICON_NAME = AppIcon;
				INFOPLIST_FILE = DiscountCalculator/Info.plist;
				LD_RUNPATH_SEARCH_PATHS = "$(inherited) @executable_path/Frameworks";
				PRODUCT_BUNDLE_IDENTIFIER = com.Cpsc411.DiscountCalculator;
				PRODUCT_NAME = "$(TARGET_NAME)";
				SWIFT_VERSION = 3.0;
			};
			name = Release;
		};
/* End XCBuildConfiguration section */

/* Begin XCConfigurationList section */
		2ACD0F721E739F94004B63AA /* Build configuration list for PBXProject "DiscountCalculator" */ = {
			isa = XCConfigurationList;
			buildConfigurations = (
				2ACD0F871E739F94004B63AA /* Debug */,
				2ACD0F881E739F94004B63AA /* Release */,
			);
			defaultConfigurationIsVisible = 0;
			defaultConfigurationName = Release;
		};
		2ACD0F891E739F94004B63AA /* Build configuration list for PBXNativeTarget "DiscountCalculator" */ = {
			isa = XCConfigurationList;
			buildConfigurations = (
				2ACD0F8A1E739F94004B63AA /* Debug */,
				2ACD0F8B1E739F94004B63AA /* Release */,
			);
			defaultConfigurationIsVisible = 0;
		};
/* End XCConfigurationList section */
	};
	rootObject = 2ACD0F6F1E739F94004B63AA /* Project object */;
}
